
Microsoft Visual Studio Solution File, Format Version 12.00
# Visual Studio Version 16
VisualStudioVersion = 16.0.31729.503
MinimumVisualStudioVersion = 10.0.40219.1
Project("{FAE04EC0-301F-11D3-BF4B-00C04F79EFBC}") = "WebSite_2", "WebSite_2.csproj", "{02019833-9CB3-420A-A650-08DFC53DC567}"
EndProject
Global
	GlobalSection(SolutionConfigurationPlatforms) = preSolution
		Debug|Any CPU = Debug|Any CPU
		Release|Any CPU = Release|Any CPU
	EndGlobalSection
	GlobalSection(ProjectConfigurationPlatforms) = postSolution
		{02019833-9CB3-420A-A650-08DFC53DC567}.Debug|Any CPU.ActiveCfg = Debug|Any CPU
		{02019833-9CB3-420A-A650-08DFC53DC567}.Debug|Any CPU.Build.0 = Debug|Any CPU
		{02019833-9CB3-420A-A650-08DFC53DC567}.Release|Any CPU.ActiveCfg = Release|Any CPU
		{02019833-9CB3-420A-A650-08DFC53DC567}.Release|Any CPU.Build.0 = Release|Any CPU
	EndGlobalSection
	GlobalSection(SolutionProperties) = preSolution
		HideSolutionNode = FALSE
	EndGlobalSection
	GlobalSection(ExtensibilityGlobals) = postSolution
		SolutionGuid = {94CEE7A4-5858-4F37-8360-A18D225EB970}
	EndGlobalSection
EndGlobal
